
Microsoft Visual Studio Solution File, Format Version 12.00
# Visual Studio Version 17
VisualStudioVersion = 17.9.34728.123
MinimumVisualStudioVersion = 10.0.40219.1
Project("{FAE04EC0-301F-11D3-BF4B-00C04F79EFBC}") = "EvenNums", "EvenNums\EvenNums.csproj", "{945B088D-F937-40CF-A1B5-DC6D859F0BFE}"
EndProject
Global
	GlobalSection(SolutionConfigurationPlatforms) = preSolution
		Debug|Any CPU = Debug|Any CPU
		Release|Any CPU = Release|Any CPU
	EndGlobalSection
	GlobalSection(ProjectConfigurationPlatforms) = postSolution
		{945B088D-F937-40CF-A1B5-DC6D859F0BFE}.Debug|Any CPU.ActiveCfg = Debug|Any CPU
		{945B088D-F937-40CF-A1B5-DC6D859F0BFE}.Debug|Any CPU.Build.0 = Debug|Any CPU
		{945B088D-F937-40CF-A1B5-DC6D859F0BFE}.Release|Any CPU.ActiveCfg = Release|Any CPU
		{945B088D-F937-40CF-A1B5-DC6D859F0BFE}.Release|Any CPU.Build.0 = Release|Any CPU
	EndGlobalSection
	GlobalSection(SolutionProperties) = preSolution
		HideSolutionNode = FALSE
	EndGlobalSection
	GlobalSection(ExtensibilityGlobals) = postSolution
		SolutionGuid = {D0218C43-D1A9-4866-8DC9-91835206B045}
	EndGlobalSection
EndGlobal
